// !$*UTF8*$!
{
	archiveVersion = 1;
	classes = {
	};
	objectVersion = 50;
	objects = {

/* Begin PBXBuildFile section */
		03F1BD7D246E4D3F00FC027E /* AppDelegate.swift in Sources */ = {isa = PBXBuildFile; fileRef = 03F1BD7C246E4D3F00FC027E /* AppDelegate.swift */; };
		03F1BD7F246E4D3F00FC027E /* ContentView.swift in Sources */ = {isa = PBXBuildFile; fileRef = 03F1BD7E246E4D3F00FC027E /* ContentView.swift */; };
		03F1BD82246E4D3F00FC027E /* SymbolsUploader.xcdatamodeld in Sources */ = {isa = PBXBuildFile; fileRef = 03F1BD80246E4D3F00FC027E /* SymbolsUploader.xcdatamodeld */; };
		03F1BD84246E4D4100FC027E /* Assets.xcassets in Resources */ = {isa = PBXBuildFile; fileRef = 03F1BD83246E4D4100FC027E /* Assets.xcassets */; };
		03F1BD87246E4D4100FC027E /* Preview Assets.xcassets in Resources */ = {isa = PBXBuildFile; fileRef = 03F1BD86246E4D4100FC027E /* Preview Assets.xcassets */; };
		03F1BD8A246E4D4100FC027E /* Main.storyboard in Resources */ = {isa = PBXBuildFile; fileRef = 03F1BD88246E4D4100FC027E /* Main.storyboard */; };
		03F1BD96246E4D4200FC027E /* SymbolsUploaderTests.swift in Sources */ = {isa = PBXBuildFile; fileRef = 03F1BD95246E4D4200FC027E /* SymbolsUploaderTests.swift */; };
		03F1BDA1246E4D4200FC027E /* SymbolsUploaderUITests.swift in Sources */ = {isa = PBXBuildFile; fileRef = 03F1BDA0246E4D4200FC027E /* SymbolsUploaderUITests.swift */; };
/* End PBXBuildFile section */

/* Begin PBXContainerItemProxy section */
		03F1BD92246E4D4200FC027E /* PBXContainerItemProxy */ = {
			isa = PBXContainerItemProxy;
			containerPortal = 03F1BD71246E4D3F00FC027E /* Project object */;
			proxyType = 1;
			remoteGlobalIDString = 03F1BD78246E4D3F00FC027E;
			remoteInfo = SymbolsUploader;
		};
		03F1BD9D246E4D4200FC027E /* PBXContainerItemProxy */ = {
			isa = PBXContainerItemProxy;
			containerPortal = 03F1BD71246E4D3F00FC027E /* Project object */;
			proxyType = 1;
			remoteGlobalIDString = 03F1BD78246E4D3F00FC027E;
			remoteInfo = SymbolsUploader;
		};
/* End PBXContainerItemProxy section */

/* Begin PBXFileReference section */
		03F1BD79246E4D3F00FC027E /* SymbolsUploader.app */ = {isa = PBXFileReference; explicitFileType = wrapper.application; includeInIndex = 0; path = SymbolsUploader.app; sourceTree = BUILT_PRODUCTS_DIR; };
		03F1BD7C246E4D3F00FC027E /* AppDelegate.swift */ = {isa = PBXFileReference; lastKnownFileType = sourcecode.swift; path = AppDelegate.swift; sourceTree = "<group>"; };
		03F1BD7E246E4D3F00FC027E /* ContentView.swift */ = {isa = PBXFileReference; lastKnownFileType = sourcecode.swift; path = ContentView.swift; sourceTree = "<group>"; };
		03F1BD81246E4D3F00FC027E /* SymbolsUploader.xcdatamodel */ = {isa = PBXFileReference; lastKnownFileType = wrapper.xcdatamodel; path = SymbolsUploader.xcdatamodel; sourceTree = "<group>"; };
		03F1BD83246E4D4100FC027E /* Assets.xcassets */ = {isa = PBXFileReference; lastKnownFileType = folder.assetcatalog; path = Assets.xcassets; sourceTree = "<group>"; };
		03F1BD86246E4D4100FC027E /* Preview Assets.xcassets */ = {isa = PBXFileReference; lastKnownFileType = folder.assetcatalog; path = "Preview Assets.xcassets"; sourceTree = "<group>"; };
		03F1BD89246E4D4100FC027E /* Base */ = {isa = PBXFileReference; lastKnownFileType = file.storyboard; name = Base; path = Base.lproj/Main.storyboard; sourceTree = "<group>"; };
		03F1BD8B246E4D4100FC027E /* Info.plist */ = {isa = PBXFileReference; lastKnownFileType = text.plist.xml; path = Info.plist; sourceTree = "<group>"; };
		03F1BD8C246E4D4100FC027E /* SymbolsUploader.entitlements */ = {isa = PBXFileReference; lastKnownFileType = text.plist.entitlements; path = SymbolsUploader.entitlements; sourceTree = "<group>"; };
		03F1BD91246E4D4200FC027E /* SymbolsUploaderTests.xctest */ = {isa = PBXFileReference; explicitFileType = wrapper.cfbundle; includeInIndex = 0; path = SymbolsUploaderTests.xctest; sourceTree = BUILT_PRODUCTS_DIR; };
		03F1BD95246E4D4200FC027E /* SymbolsUploaderTests.swift */ = {isa = PBXFileReference; lastKnownFileType = sourcecode.swift; path = SymbolsUploaderTests.swift; sourceTree = "<group>"; };
		03F1BD97246E4D4200FC027E /* Info.plist */ = {isa = PBXFileReference; lastKnownFileType = text.plist.xml; path = Info.plist; sourceTree = "<group>"; };
		03F1BD9C246E4D4200FC027E /* SymbolsUploaderUITests.xctest */ = {isa = PBXFileReference; explicitFileType = wrapper.cfbundle; includeInIndex = 0; path = SymbolsUploaderUITests.xctest; sourceTree = BUILT_PRODUCTS_DIR; };
		03F1BDA0246E4D4200FC027E /* SymbolsUploaderUITests.swift */ = {isa = PBXFileReference; lastKnownFileType = sourcecode.swift; path = SymbolsUploaderUITests.swift; sourceTree = "<group>"; };
		03F1BDA2246E4D4200FC027E /* Info.plist */ = {isa = PBXFileReference; lastKnownFileType = text.plist.xml; path = Info.plist; sourceTree = "<group>"; };
/* End PBXFileReference section */

/* Begin PBXFrameworksBuildPhase section */
		03F1BD76246E4D3F00FC027E /* Frameworks */ = {
			isa = PBXFrameworksBuildPhase;
			buildActionMask = 2147483647;
			files = (
			);
			runOnlyForDeploymentPostprocessing = 0;
		};
		03F1BD8E246E4D4200FC027E /* Frameworks */ = {
			isa = PBXFrameworksBuildPhase;
			buildActionMask = 2147483647;
			files = (
			);
			runOnlyForDeploymentPostprocessing = 0;
		};
		03F1BD99246E4D4200FC027E /* Frameworks */ = {
			isa = PBXFrameworksBuildPhase;
			buildActionMask = 2147483647;
			files = (
			);
			runOnlyForDeploymentPostprocessing = 0;
		};
/* End PBXFrameworksBuildPhase section */

/* Begin PBXGroup section */
		03F1BD70246E4D3F00FC027E = {
			isa = PBXGroup;
			children = (
				03F1BD7B246E4D3F00FC027E /* SymbolsUploader */,
				03F1BD94246E4D4200FC027E /* SymbolsUploaderTests */,
				03F1BD9F246E4D4200FC027E /* SymbolsUploaderUITests */,
				03F1BD7A246E4D3F00FC027E /* Products */,
			);
			sourceTree = "<group>";
		};
		03F1BD7A246E4D3F00FC027E /* Products */ = {
			isa = PBXGroup;
			children = (
				03F1BD79246E4D3F00FC027E /* SymbolsUploader.app */,
				03F1BD91246E4D4200FC027E /* SymbolsUploaderTests.xctest */,
				03F1BD9C246E4D4200FC027E /* SymbolsUploaderUITests.xctest */,
			);
			name = Products;
			sourceTree = "<group>";
		};
		03F1BD7B246E4D3F00FC027E /* SymbolsUploader */ = {
			isa = PBXGroup;
			children = (
				03F1BD7C246E4D3F00FC027E /* AppDelegate.swift */,
				03F1BD7E246E4D3F00FC027E /* ContentView.swift */,
				03F1BD83246E4D4100FC027E /* Assets.xcassets */,
				03F1BD88246E4D4100FC027E /* Main.storyboard */,
				03F1BD8B246E4D4100FC027E /* Info.plist */,
				03F1BD8C246E4D4100FC027E /* SymbolsUploader.entitlements */,
				03F1BD80246E4D3F00FC027E /* SymbolsUploader.xcdatamodeld */,
				03F1BD85246E4D4100FC027E /* Preview Content */,
			);
			path = SymbolsUploader;
			sourceTree = "<group>";
		};
		03F1BD85246E4D4100FC027E /* Preview Content */ = {
			isa = PBXGroup;
			children = (
				03F1BD86246E4D4100FC027E /* Preview Assets.xcassets */,
			);
			path = "Preview Content";
			sourceTree = "<group>";
		};
		03F1BD94246E4D4200FC027E /* SymbolsUploaderTests */ = {
			isa = PBXGroup;
			children = (
				03F1BD95246E4D4200FC027E /* SymbolsUploaderTests.swift */,
				03F1BD97246E4D4200FC027E /* Info.plist */,
			);
			path = SymbolsUploaderTests;
			sourceTree = "<group>";
		};
		03F1BD9F246E4D4200FC027E /* SymbolsUploaderUITests */ = {
			isa = PBXGroup;
			children = (
				03F1BDA0246E4D4200FC027E /* SymbolsUploaderUITests.swift */,
				03F1BDA2246E4D4200FC027E /* Info.plist */,
			);
			path = SymbolsUploaderUITests;
			sourceTree = "<group>";
		};
/* End PBXGroup section */

/* Begin PBXNativeTarget section */
		03F1BD78246E4D3F00FC027E /* SymbolsUploader */ = {
			isa = PBXNativeTarget;
			buildConfigurationList = 03F1BDA5246E4D4200FC027E /* Build configuration list for PBXNativeTarget "SymbolsUploader" */;
			buildPhases = (
				03F1BD75246E4D3F00FC027E /* Sources */,
				03F1BD76246E4D3F00FC027E /* Frameworks */,
				03F1BD77246E4D3F00FC027E /* Resources */,
			);
			buildRules = (
			);
			dependencies = (
			);
			name = SymbolsUploader;
			productName = SymbolsUploader;
			productReference = 03F1BD79246E4D3F00FC027E /* SymbolsUploader.app */;
			productType = "com.apple.product-type.application";
		};
		03F1BD90246E4D4200FC027E /* SymbolsUploaderTests */ = {
			isa = PBXNativeTarget;
			buildConfigurationList = 03F1BDA8246E4D4200FC027E /* Build configuration list for PBXNativeTarget "SymbolsUploaderTests" */;
			buildPhases = (
				03F1BD8D246E4D4200FC027E /* Sources */,
				03F1BD8E246E4D4200FC027E /* Frameworks */,
				03F1BD8F246E4D4200FC027E /* Resources */,
			);
			buildRules = (
			);
			dependencies = (
				03F1BD93246E4D4200FC027E /* PBXTargetDependency */,
			);
			name = SymbolsUploaderTests;
			productName = SymbolsUploaderTests;
			productReference = 03F1BD91246E4D4200FC027E /* SymbolsUploaderTests.xctest */;
			productType = "com.apple.product-type.bundle.unit-test";
		};
		03F1BD9B246E4D4200FC027E /* SymbolsUploaderUITests */ = {
			isa = PBXNativeTarget;
			buildConfigurationList = 03F1BDAB246E4D4200FC027E /* Build configuration list for PBXNativeTarget "SymbolsUploaderUITests" */;
			buildPhases = (
				03F1BD98246E4D4200FC027E /* Sources */,
				03F1BD99246E4D4200FC027E /* Frameworks */,
				03F1BD9A246E4D4200FC027E /* Resources */,
			);
			buildRules = (
			);
			dependencies = (
				03F1BD9E246E4D4200FC027E /* PBXTargetDependency */,
			);
			name = SymbolsUploaderUITests;
			productName = SymbolsUploaderUITests;
			productReference = 03F1BD9C246E4D4200FC027E /* SymbolsUploaderUITests.xctest */;
			productType = "com.apple.product-type.bundle.ui-testing";
		};
/* End PBXNativeTarget section */

/* Begin PBXProject section */
		03F1BD71246E4D3F00FC027E /* Project object */ = {
			isa = PBXProject;
			attributes = {
				LastSwiftUpdateCheck = 1130;
				LastUpgradeCheck = 1130;
				ORGANIZATIONNAME = "Joshua Moore";
				TargetAttributes = {
					03F1BD78246E4D3F00FC027E = {
						CreatedOnToolsVersion = 11.3.1;
					};
					03F1BD90246E4D4200FC027E = {
						CreatedOnToolsVersion = 11.3.1;
						TestTargetID = 03F1BD78246E4D3F00FC027E;
					};
					03F1BD9B246E4D4200FC027E = {
						CreatedOnToolsVersion = 11.3.1;
						TestTargetID = 03F1BD78246E4D3F00FC027E;
					};
				};
			};
			buildConfigurationList = 03F1BD74246E4D3F00FC027E /* Build configuration list for PBXProject "SymbolsUploader" */;
			compatibilityVersion = "Xcode 9.3";
			developmentRegion = en;
			hasScannedForEncodings = 0;
			knownRegions = (
				en,
				Base,
			);
			mainGroup = 03F1BD70246E4D3F00FC027E;
			productRefGroup = 03F1BD7A246E4D3F00FC027E /* Products */;
			projectDirPath = "";
			projectRoot = "";
			targets = (
				03F1BD78246E4D3F00FC027E /* SymbolsUploader */,
				03F1BD90246E4D4200FC027E /* SymbolsUploaderTests */,
				03F1BD9B246E4D4200FC027E /* SymbolsUploaderUITests */,
			);
		};
/* End PBXProject section */

/* Begin PBXResourcesBuildPhase section */
		03F1BD77246E4D3F00FC027E /* Resources */ = {
			isa = PBXResourcesBuildPhase;
			buildActionMask = 2147483647;
			files = (
				03F1BD8A246E4D4100FC027E /* Main.storyboard in Resources */,
				03F1BD87246E4D4100FC027E /* Preview Assets.xcassets in Resources */,
				03F1BD84246E4D4100FC027E /* Assets.xcassets in Resources */,
			);
			runOnlyForDeploymentPostprocessing = 0;
		};
		03F1BD8F246E4D4200FC027E /* Resources */ = {
			isa = PBXResourcesBuildPhase;
			buildActionMask = 2147483647;
			files = (
			);
			runOnlyForDeploymentPostprocessing = 0;
		};
		03F1BD9A246E4D4200FC027E /* Resources */ = {
			isa = PBXResourcesBuildPhase;
			buildActionMask = 2147483647;
			files = (
			);
			runOnlyForDeploymentPostprocessing = 0;
		};
/* End PBXResourcesBuildPhase section */

/* Begin PBXSourcesBuildPhase section */
		03F1BD75246E4D3F00FC027E /* Sources */ = {
			isa = PBXSourcesBuildPhase;
			buildActionMask = 2147483647;
			files = (
				03F1BD7F246E4D3F00FC027E /* ContentView.swift in Sources */,
				03F1BD82246E4D3F00FC027E /* SymbolsUploader.xcdatamodeld in Sources */,
				03F1BD7D246E4D3F00FC027E /* AppDelegate.swift in Sources */,
			);
			runOnlyForDeploymentPostprocessing = 0;
		};
		03F1BD8D246E4D4200FC027E /* Sources */ = {
			isa = PBXSourcesBuildPhase;
			buildActionMask = 2147483647;
			files = (
				03F1BD96246E4D4200FC027E /* SymbolsUploaderTests.swift in Sources */,
			);
			runOnlyForDeploymentPostprocessing = 0;
		};
		03F1BD98246E4D4200FC027E /* Sources */ = {
			isa = PBXSourcesBuildPhase;
			buildActionMask = 2147483647;
			files = (
				03F1BDA1246E4D4200FC027E /* SymbolsUploaderUITests.swift in Sources */,
			);
			runOnlyForDeploymentPostprocessing = 0;
		};
/* End PBXSourcesBuildPhase section */

/* Begin PBXTargetDependency section */
		03F1BD93246E4D4200FC027E /* PBXTargetDependency */ = {
			isa = PBXTargetDependency;
			target = 03F1BD78246E4D3F00FC027E /* SymbolsUploader */;
			targetProxy = 03F1BD92246E4D4200FC027E /* PBXContainerItemProxy */;
		};
		03F1BD9E246E4D4200FC027E /* PBXTargetDependency */ = {
			isa = PBXTargetDependency;
			target = 03F1BD78246E4D3F00FC027E /* SymbolsUploader */;
			targetProxy = 03F1BD9D246E4D4200FC027E /* PBXContainerItemProxy */;
		};
/* End PBXTargetDependency section */

/* Begin PBXVariantGroup section */
		03F1BD88246E4D4100FC027E /* Main.storyboard */ = {
			isa = PBXVariantGroup;
			children = (
				03F1BD89246E4D4100FC027E /* Base */,
			);
			name = Main.storyboard;
			sourceTree = "<group>";
		};
/* End PBXVariantGroup section */

/* Begin XCBuildConfiguration section */
		03F1BDA3246E4D4200FC027E /* Debug */ = {
			isa = XCBuildConfiguration;
			buildSettings = {
				ALWAYS_SEARCH_USER_PATHS = NO;
				CLANG_ANALYZER_NONNULL = YES;
				CLANG_ANALYZER_NUMBER_OBJECT_CONVERSION = YES_AGGRESSIVE;
				CLANG_CXX_LANGUAGE_STANDARD = "gnu++14";
				CLANG_CXX_LIBRARY = "libc++";
				CLANG_ENABLE_MODULES = YES;
				CLANG_ENABLE_OBJC_ARC = YES;
				CLANG_ENABLE_OBJC_WEAK = YES;
				CLANG_WARN_BLOCK_CAPTURE_AUTORELEASING = YES;
				CLANG_WARN_BOOL_CONVERSION = YES;
				CLANG_WARN_COMMA = YES;
				CLANG_WARN_CONSTANT_CONVERSION = YES;
				CLANG_WARN_DEPRECATED_OBJC_IMPLEMENTATIONS = YES;
				CLANG_WARN_DIRECT_OBJC_ISA_USAGE = YES_ERROR;
				CLANG_WARN_DOCUMENTATION_COMMENTS = YES;
				CLANG_WARN_EMPTY_BODY = YES;
				CLANG_WARN_ENUM_CONVERSION = YES;
				CLANG_WARN_INFINITE_RECURSION = YES;
				CLANG_WARN_INT_CONVERSION = YES;
				CLANG_WARN_NON_LITERAL_NULL_CONVERSION = YES;
				CLANG_WARN_OBJC_IMPLICIT_RETAIN_SELF = YES;
				CLANG_WARN_OBJC_LITERAL_CONVERSION = YES;
				CLANG_WARN_OBJC_ROOT_CLASS = YES_ERROR;
				CLANG_WARN_RANGE_LOOP_ANALYSIS = YES;
				CLANG_WARN_STRICT_PROTOTYPES = YES;
				CLANG_WARN_SUSPICIOUS_MOVE = YES;
				CLANG_WARN_UNGUARDED_AVAILABILITY = YES_AGGRESSIVE;
				CLANG_WARN_UNREACHABLE_CODE = YES;
				CLANG_WARN__DUPLICATE_METHOD_MATCH = YES;
				COPY_PHASE_STRIP = NO;
				DEBUG_INFORMATION_FORMAT = dwarf;
				ENABLE_STRICT_OBJC_MSGSEND = YES;
				ENABLE_TESTABILITY = YES;
				GCC_C_LANGUAGE_STANDARD = gnu11;
				GCC_DYNAMIC_NO_PIC = NO;
				GCC_NO_COMMON_BLOCKS = YES;
				GCC_OPTIMIZATION_LEVEL = 0;
				GCC_PREPROCESSOR_DEFINITIONS = (
					"DEBUG=1",
					"$(inherited)",
				);
				GCC_WARN_64_TO_32_BIT_CONVERSION = YES;
				GCC_WARN_ABOUT_RETURN_TYPE = YES_ERROR;
				GCC_WARN_UNDECLARED_SELECTOR = YES;
				GCC_WARN_UNINITIALIZED_AUTOS = YES_AGGRESSIVE;
				GCC_WARN_UNUSED_FUNCTION = YES;
				GCC_WARN_UNUSED_VARIABLE = YES;
				MACOSX_DEPLOYMENT_TARGET = 10.15;
				MTL_ENABLE_DEBUG_INFO = INCLUDE_SOURCE;
				MTL_FAST_MATH = YES;
				ONLY_ACTIVE_ARCH = YES;
				SDKROOT = macosx;
				SWIFT_ACTIVE_COMPILATION_CONDITIONS = DEBUG;
				SWIFT_OPTIMIZATION_LEVEL = "-Onone";
			};
			name = Debug;
		};
		03F1BDA4246E4D4200FC027E /* Release */ = {
			isa = XCBuildConfiguration;
			buildSettings = {
				ALWAYS_SEARCH_USER_PATHS = NO;
				CLANG_ANALYZER_NONNULL = YES;
				CLANG_ANALYZER_NUMBER_OBJECT_CONVERSION = YES_AGGRESSIVE;
				CLANG_CXX_LANGUAGE_STANDARD = "gnu++14";
				CLANG_CXX_LIBRARY = "libc++";
				CLANG_ENABLE_MODULES = YES;
				CLANG_ENABLE_OBJC_ARC = YES;
				CLANG_ENABLE_OBJC_WEAK = YES;
				CLANG_WARN_BLOCK_CAPTURE_AUTORELEASING = YES;
				CLANG_WARN_BOOL_CONVERSION = YES;
				CLANG_WARN_COMMA = YES;
				CLANG_WARN_CONSTANT_CONVERSION = YES;
				CLANG_WARN_DEPRECATED_OBJC_IMPLEMENTATIONS = YES;
				CLANG_WARN_DIRECT_OBJC_ISA_USAGE = YES_ERROR;
				CLANG_WARN_DOCUMENTATION_COMMENTS = YES;
				CLANG_WARN_EMPTY_BODY = YES;
				CLANG_WARN_ENUM_CONVERSION = YES;
				CLANG_WARN_INFINITE_RECURSION = YES;
				CLANG_WARN_INT_CONVERSION = YES;
				CLANG_WARN_NON_LITERAL_NULL_CONVERSION = YES;
				CLANG_WARN_OBJC_IMPLICIT_RETAIN_SELF = YES;
				CLANG_WARN_OBJC_LITERAL_CONVERSION = YES;
				CLANG_WARN_OBJC_ROOT_CLASS = YES_ERROR;
				CLANG_WARN_RANGE_LOOP_ANALYSIS = YES;
				CLANG_WARN_STRICT_PROTOTYPES = YES;
				CLANG_WARN_SUSPICIOUS_MOVE = YES;
				CLANG_WARN_UNGUARDED_AVAILABILITY = YES_AGGRESSIVE;
				CLANG_WARN_UNREACHABLE_CODE = YES;
				CLANG_WARN__DUPLICATE_METHOD_MATCH = YES;
				COPY_PHASE_STRIP = NO;
				DEBUG_INFORMATION_FORMAT = "dwarf-with-dsym";
				ENABLE_NS_ASSERTIONS = NO;
				ENABLE_STRICT_OBJC_MSGSEND = YES;
				GCC_C_LANGUAGE_STANDARD = gnu11;
				GCC_NO_COMMON_BLOCKS = YES;
				GCC_WARN_64_TO_32_BIT_CONVERSION = YES;
				GCC_WARN_ABOUT_RETURN_TYPE = YES_ERROR;
				GCC_WARN_UNDECLARED_SELECTOR = YES;
				GCC_WARN_UNINITIALIZED_AUTOS = YES_AGGRESSIVE;
				GCC_WARN_UNUSED_FUNCTION = YES;
				GCC_WARN_UNUSED_VARIABLE = YES;
				MACOSX_DEPLOYMENT_TARGET = 10.15;
				MTL_ENABLE_DEBUG_INFO = NO;
				MTL_FAST_MATH = YES;
				SDKROOT = macosx;
				SWIFT_COMPILATION_MODE = wholemodule;
				SWIFT_OPTIMIZATION_LEVEL = "-O";
			};
			name = Release;
		};
		03F1BDA6246E4D4200FC027E /* Debug */ = {
			isa = XCBuildConfiguration;
			buildSettings = {
				ASSETCATALOG_COMPILER_APPICON_NAME = AppIcon;
				CODE_SIGN_ENTITLEMENTS = SymbolsUploader/SymbolsUploader.entitlements;
				CODE_SIGN_STYLE = Automatic;
				COMBINE_HIDPI_IMAGES = YES;
				DEVELOPMENT_ASSET_PATHS = "\"SymbolsUploader/Preview Content\"";
				DEVELOPMENT_TEAM = 5J8HF46HKF;
				ENABLE_HARDENED_RUNTIME = YES;
				ENABLE_PREVIEWS = YES;
				INFOPLIST_FILE = SymbolsUploader/Info.plist;
				LD_RUNPATH_SEARCH_PATHS = (
					"$(inherited)",
					"@executable_path/../Frameworks",
				);
				MACOSX_DEPLOYMENT_TARGET = 10.15;
				PRODUCT_BUNDLE_IDENTIFIER = JoshMoore.SymbolsUploader;
				PRODUCT_NAME = "$(TARGET_NAME)";
				SWIFT_VERSION = 5.0;
			};
			name = Debug;
		};
		03F1BDA7246E4D4200FC027E /* Release */ = {
			isa = XCBuildConfiguration;
			buildSettings = {
				ASSETCATALOG_COMPILER_APPICON_NAME = AppIcon;
				CODE_SIGN_ENTITLEMENTS = SymbolsUploader/SymbolsUploader.entitlements;
				CODE_SIGN_STYLE = Automatic;
				COMBINE_HIDPI_IMAGES = YES;
				DEVELOPMENT_ASSET_PATHS = "\"SymbolsUploader/Preview Content\"";
				DEVELOPMENT_TEAM = 5J8HF46HKF;
				ENABLE_HARDENED_RUNTIME = YES;
				ENABLE_PREVIEWS = YES;
				INFOPLIST_FILE = SymbolsUploader/Info.plist;
				LD_RUNPATH_SEARCH_PATHS = (
					"$(inherited)",
					"@executable_path/../Frameworks",
				);
				MACOSX_DEPLOYMENT_TARGET = 10.15;
				PRODUCT_BUNDLE_IDENTIFIER = JoshMoore.SymbolsUploader;
				PRODUCT_NAME = "$(TARGET_NAME)";
				SWIFT_VERSION = 5.0;
			};
			name = Release;
		};
		03F1BDA9246E4D4200FC027E /* Debug */ = {
			isa = XCBuildConfiguration;
			buildSettings = {
				ALWAYS_EMBED_SWIFT_STANDARD_LIBRARIES = YES;
				BUNDLE_LOADER = "$(TEST_HOST)";
				CODE_SIGN_STYLE = Automatic;
				COMBINE_HIDPI_IMAGES = YES;
				DEVELOPMENT_TEAM = 5J8HF46HKF;
				INFOPLIST_FILE = SymbolsUploaderTests/Info.plist;
				LD_RUNPATH_SEARCH_PATHS = (
					"$(inherited)",
					"@executable_path/../Frameworks",
					"@loader_path/../Frameworks",
				);
				MACOSX_DEPLOYMENT_TARGET = 10.15;
				PRODUCT_BUNDLE_IDENTIFIER = JoshMoore.SymbolsUploaderTests;
				PRODUCT_NAME = "$(TARGET_NAME)";
				SWIFT_VERSION = 5.0;
				TEST_HOST = "$(BUILT_PRODUCTS_DIR)/SymbolsUploader.app/Contents/MacOS/SymbolsUploader";
			};
			name = Debug;
		};
		03F1BDAA246E4D4200FC027E /* Release */ = {
			isa = XCBuildConfiguration;
			buildSettings = {
				ALWAYS_EMBED_SWIFT_STANDARD_LIBRARIES = YES;
				BUNDLE_LOADER = "$(TEST_HOST)";
				CODE_SIGN_STYLE = Automatic;
				COMBINE_HIDPI_IMAGES = YES;
				DEVELOPMENT_TEAM = 5J8HF46HKF;
				INFOPLIST_FILE = SymbolsUploaderTests/Info.plist;
				LD_RUNPATH_SEARCH_PATHS = (
					"$(inherited)",
					"@executable_path/../Frameworks",
					"@loader_path/../Frameworks",
				);
				MACOSX_DEPLOYMENT_TARGET = 10.15;
				PRODUCT_BUNDLE_IDENTIFIER = JoshMoore.SymbolsUploaderTests;
				PRODUCT_NAME = "$(TARGET_NAME)";
				SWIFT_VERSION = 5.0;
				TEST_HOST = "$(BUILT_PRODUCTS_DIR)/SymbolsUploader.app/Contents/MacOS/SymbolsUploader";
			};
			name = Release;
		};
		03F1BDAC246E4D4200FC027E /* Debug */ = {
			isa = XCBuildConfiguration;
			buildSettings = {
				ALWAYS_EMBED_SWIFT_STANDARD_LIBRARIES = YES;
				CODE_SIGN_STYLE = Automatic;
				COMBINE_HIDPI_IMAGES = YES;
				DEVELOPMENT_TEAM = 5J8HF46HKF;
				INFOPLIST_FILE = SymbolsUploaderUITests/Info.plist;
				LD_RUNPATH_SEARCH_PATHS = (
					"$(inherited)",
					"@executable_path/../Frameworks",
					"@loader_path/../Frameworks",
				);
				PRODUCT_BUNDLE_IDENTIFIER = JoshMoore.SymbolsUploaderUITests;
				PRODUCT_NAME = "$(TARGET_NAME)";
				SWIFT_VERSION = 5.0;
				TEST_TARGET_NAME = SymbolsUploader;
			};
			name = Debug;
		};
		03F1BDAD246E4D4200FC027E /* Release */ = {
			isa = XCBuildConfiguration;
			buildSettings = {
				ALWAYS_EMBED_SWIFT_STANDARD_LIBRARIES = YES;
				CODE_SIGN_STYLE = Automatic;
				COMBINE_HIDPI_IMAGES = YES;
				DEVELOPMENT_TEAM = 5J8HF46HKF;
				INFOPLIST_FILE = SymbolsUploaderUITests/Info.plist;
				LD_RUNPATH_SEARCH_PATHS = (
					"$(inherited)",
					"@executable_path/../Frameworks",
					"@loader_path/../Frameworks",
				);
				PRODUCT_BUNDLE_IDENTIFIER = JoshMoore.SymbolsUploaderUITests;
				PRODUCT_NAME = "$(TARGET_NAME)";
				SWIFT_VERSION = 5.0;
				TEST_TARGET_NAME = SymbolsUploader;
			};
			name = Release;
		};
/* End XCBuildConfiguration section */

/* Begin XCConfigurationList section */
		03F1BD74246E4D3F00FC027E /* Build configuration list for PBXProject "SymbolsUploader" */ = {
			isa = XCConfigurationList;
			buildConfigurations = (
				03F1BDA3246E4D4200FC027E /* Debug */,
				03F1BDA4246E4D4200FC027E /* Release */,
			);
			defaultConfigurationIsVisible = 0;
			defaultConfigurationName = Release;
		};
		03F1BDA5246E4D4200FC027E /* Build configuration list for PBXNativeTarget "SymbolsUploader" */ = {
			isa = XCConfigurationList;
			buildConfigurations = (
				03F1BDA6246E4D4200FC027E /* Debug */,
				03F1BDA7246E4D4200FC027E /* Release */,
			);
			defaultConfigurationIsVisible = 0;
			defaultConfigurationName = Release;
		};
		03F1BDA8246E4D4200FC027E /* Build configuration list for PBXNativeTarget "SymbolsUploaderTests" */ = {
			isa = XCConfigurationList;
			buildConfigurations = (
				03F1BDA9246E4D4200FC027E /* Debug */,
				03F1BDAA246E4D4200FC027E /* Release */,
			);
			defaultConfigurationIsVisible = 0;
			defaultConfigurationName = Release;
		};
		03F1BDAB246E4D4200FC027E /* Build configuration list for PBXNativeTarget "SymbolsUploaderUITests" */ = {
			isa = XCConfigurationList;
			buildConfigurations = (
				03F1BDAC246E4D4200FC027E /* Debug */,
				03F1BDAD246E4D4200FC027E /* Release */,
			);
			defaultConfigurationIsVisible = 0;
			defaultConfigurationName = Release;
		};
/* End XCConfigurationList section */

/* Begin XCVersionGroup section */
		03F1BD80246E4D3F00FC027E /* SymbolsUploader.xcdatamodeld */ = {
			isa = XCVersionGroup;
			children = (
				03F1BD81246E4D3F00FC027E /* SymbolsUploader.xcdatamodel */,
			);
			currentVersion = 03F1BD81246E4D3F00FC027E /* SymbolsUploader.xcdatamodel */;
			path = SymbolsUploader.xcdatamodeld;
			sourceTree = "<group>";
			versionGroupType = wrapper.xcdatamodel;
		};
/* End XCVersionGroup section */
	};
	rootObject = 03F1BD71246E4D3F00FC027E /* Project object */;
}
